
Microsoft Visual Studio Solution File, Format Version 12.00
# Visual Studio Version 16
VisualStudioVersion = 16.0.31624.102
MinimumVisualStudioVersion = 10.0.40219.1
Project("{FAE04EC0-301F-11D3-BF4B-00C04F79EFBC}") = "DiecastCollection", "DiecastCollection\DiecastCollection.csproj", "{C11ADD96-E60E-4482-9896-BA01AC14CD5B}"
EndProject
Project("{FAE04EC0-301F-11D3-BF4B-00C04F79EFBC}") = "BL", "BL\BL.csproj", "{8FA06D09-BE5E-43E4-BDBA-C25A17F4B267}"
EndProject
Project("{FAE04EC0-301F-11D3-BF4B-00C04F79EFBC}") = "DAL", "DAL\DAL.csproj", "{FC6D4601-66DF-40B7-A7BA-059FA8A59441}"
EndProject
Global
	GlobalSection(SolutionConfigurationPlatforms) = preSolution
		Debug|Any CPU = Debug|Any CPU
		Release|Any CPU = Release|Any CPU
	EndGlobalSection
	GlobalSection(ProjectConfigurationPlatforms) = postSolution
		{C11ADD96-E60E-4482-9896-BA01AC14CD5B}.Debug|Any CPU.ActiveCfg = Debug|Any CPU
		{C11ADD96-E60E-4482-9896-BA01AC14CD5B}.Debug|Any CPU.Build.0 = Debug|Any CPU
		{C11ADD96-E60E-4482-9896-BA01AC14CD5B}.Release|Any CPU.ActiveCfg = Release|Any CPU
		{C11ADD96-E60E-4482-9896-BA01AC14CD5B}.Release|Any CPU.Build.0 = Release|Any CPU
		{8FA06D09-BE5E-43E4-BDBA-C25A17F4B267}.Debug|Any CPU.ActiveCfg = Debug|Any CPU
		{8FA06D09-BE5E-43E4-BDBA-C25A17F4B267}.Debug|Any CPU.Build.0 = Debug|Any CPU
		{8FA06D09-BE5E-43E4-BDBA-C25A17F4B267}.Release|Any CPU.ActiveCfg = Release|Any CPU
		{8FA06D09-BE5E-43E4-BDBA-C25A17F4B267}.Release|Any CPU.Build.0 = Release|Any CPU
		{FC6D4601-66DF-40B7-A7BA-059FA8A59441}.Debug|Any CPU.ActiveCfg = Debug|Any CPU
		{FC6D4601-66DF-40B7-A7BA-059FA8A59441}.Debug|Any CPU.Build.0 = Debug|Any CPU
		{FC6D4601-66DF-40B7-A7BA-059FA8A59441}.Release|Any CPU.ActiveCfg = Release|Any CPU
		{FC6D4601-66DF-40B7-A7BA-059FA8A59441}.Release|Any CPU.Build.0 = Release|Any CPU
	EndGlobalSection
	GlobalSection(SolutionProperties) = preSolution
		HideSolutionNode = FALSE
	EndGlobalSection
	GlobalSection(ExtensibilityGlobals) = postSolution
		SolutionGuid = {D96E7642-E358-4EE7-8A7E-CFCFDFB404DF}
	EndGlobalSection
EndGlobal
