
Microsoft Visual Studio Solution File, Format Version 12.00
# Visual Studio Version 16
VisualStudioVersion = 16.0.31624.102
MinimumVisualStudioVersion = 10.0.40219.1
Project("{FAE04EC0-301F-11D3-BF4B-00C04F79EFBC}") = "validation labtask", "validation labtask\validation labtask.csproj", "{58C4330A-FC21-4C97-B068-6A9273C36D5C}"
EndProject
Global
	GlobalSection(SolutionConfigurationPlatforms) = preSolution
		Debug|Any CPU = Debug|Any CPU
		Release|Any CPU = Release|Any CPU
	EndGlobalSection
	GlobalSection(ProjectConfigurationPlatforms) = postSolution
		{58C4330A-FC21-4C97-B068-6A9273C36D5C}.Debug|Any CPU.ActiveCfg = Debug|Any CPU
		{58C4330A-FC21-4C97-B068-6A9273C36D5C}.Debug|Any CPU.Build.0 = Debug|Any CPU
		{58C4330A-FC21-4C97-B068-6A9273C36D5C}.Release|Any CPU.ActiveCfg = Release|Any CPU
		{58C4330A-FC21-4C97-B068-6A9273C36D5C}.Release|Any CPU.Build.0 = Release|Any CPU
	EndGlobalSection
	GlobalSection(SolutionProperties) = preSolution
		HideSolutionNode = FALSE
	EndGlobalSection
	GlobalSection(ExtensibilityGlobals) = postSolution
		SolutionGuid = {E7FF6657-49F6-4A42-9CAC-9E1859200E93}
	EndGlobalSection
EndGlobal
